// !$*UTF8*$!
{
	archiveVersion = 1;
	classes = {
	};
	objectVersion = 46;
	objects = {

/* Begin PBXBuildFile section */
		147A12FA1B5D695E00C51FEF /* PopoverContainerView.swift in Sources */ = {isa = PBXBuildFile; fileRef = 147A12F91B5D695E00C51FEF /* PopoverContainerView.swift */; };
		147A13011B5D6F5600C51FEF /* HackerNewsViewController.swift in Sources */ = {isa = PBXBuildFile; fileRef = 147A12FF1B5D6F5600C51FEF /* HackerNewsViewController.swift */; };
		147A13061B5D88BA00C51FEF /* Story.swift in Sources */ = {isa = PBXBuildFile; fileRef = 147A13051B5D88BA00C51FEF /* Story.swift */; };
		147A130C1B5D937000C51FEF /* PopoverWindow.swift in Sources */ = {isa = PBXBuildFile; fileRef = 147A130B1B5D937000C51FEF /* PopoverWindow.swift */; };
		147A130E1B5D979A00C51FEF /* PopoverController.swift in Sources */ = {isa = PBXBuildFile; fileRef = 147A130D1B5D979A00C51FEF /* PopoverController.swift */; };
		147A13121B5DA59C00C51FEF /* HackerNewsViewController.xib in Resources */ = {isa = PBXBuildFile; fileRef = 147A13111B5DA59C00C51FEF /* HackerNewsViewController.xib */; };
		147A131F1B5DCF7200C51FEF /* ColorView.swift in Sources */ = {isa = PBXBuildFile; fileRef = 147A131E1B5DCF7200C51FEF /* ColorView.swift */; };
		147C60251B5C256A001575C5 /* AppDelegate.swift in Sources */ = {isa = PBXBuildFile; fileRef = 147C60241B5C256A001575C5 /* AppDelegate.swift */; };
		147C60271B5C256A001575C5 /* Assets.xcassets in Resources */ = {isa = PBXBuildFile; fileRef = 147C60261B5C256A001575C5 /* Assets.xcassets */; };
		147C602A1B5C256A001575C5 /* MainMenu.xib in Resources */ = {isa = PBXBuildFile; fileRef = 147C60281B5C256A001575C5 /* MainMenu.xib */; };
		148DE8ED1B633C2C0029278C /* LoginItemHelper.swift in Sources */ = {isa = PBXBuildFile; fileRef = 148DE8EC1B633C2C0029278C /* LoginItemHelper.swift */; };
		1496B5A31B61410F006FE61D /* EmptyRowTableView.swift in Sources */ = {isa = PBXBuildFile; fileRef = 1496B5A21B61410F006FE61D /* EmptyRowTableView.swift */; };
		14D516FC1B5FD51B0069E66E /* HackerNewsStoryCell.swift in Sources */ = {isa = PBXBuildFile; fileRef = 14D516FB1B5FD51B0069E66E /* HackerNewsStoryCell.swift */; };
		14D516FE1B5FD5270069E66E /* HackerNewsStoryCell.xib in Resources */ = {isa = PBXBuildFile; fileRef = 14D516FD1B5FD5270069E66E /* HackerNewsStoryCell.xib */; };
		7FE0C2D37F19D13C08910355 /* libPods.a in Frameworks */ = {isa = PBXBuildFile; fileRef = 61AF103B1487952ADBEE2AB1 /* libPods.a */; };
/* End PBXBuildFile section */

/* Begin PBXFileReference section */
		147A12F91B5D695E00C51FEF /* PopoverContainerView.swift */ = {isa = PBXFileReference; fileEncoding = 4; lastKnownFileType = sourcecode.swift; path = PopoverContainerView.swift; sourceTree = "<group>"; };
		147A12FF1B5D6F5600C51FEF /* HackerNewsViewController.swift */ = {isa = PBXFileReference; fileEncoding = 4; lastKnownFileType = sourcecode.swift; path = HackerNewsViewController.swift; sourceTree = "<group>"; };
		147A13051B5D88BA00C51FEF /* Story.swift */ = {isa = PBXFileReference; fileEncoding = 4; lastKnownFileType = sourcecode.swift; path = Story.swift; sourceTree = "<group>"; };
		147A130B1B5D937000C51FEF /* PopoverWindow.swift */ = {isa = PBXFileReference; fileEncoding = 4; lastKnownFileType = sourcecode.swift; path = PopoverWindow.swift; sourceTree = "<group>"; };
		147A130D1B5D979A00C51FEF /* PopoverController.swift */ = {isa = PBXFileReference; fileEncoding = 4; lastKnownFileType = sourcecode.swift; path = PopoverController.swift; sourceTree = "<group>"; };
		147A13111B5DA59C00C51FEF /* HackerNewsViewController.xib */ = {isa = PBXFileReference; fileEncoding = 4; lastKnownFileType = file.xib; path = HackerNewsViewController.xib; sourceTree = "<group>"; };
		147A131E1B5DCF7200C51FEF /* ColorView.swift */ = {isa = PBXFileReference; fileEncoding = 4; lastKnownFileType = sourcecode.swift; path = ColorView.swift; sourceTree = "<group>"; };
		147C60211B5C256A001575C5 /* HNBar.app */ = {isa = PBXFileReference; explicitFileType = wrapper.application; includeInIndex = 0; path = HNBar.app; sourceTree = BUILT_PRODUCTS_DIR; };
		147C60241B5C256A001575C5 /* AppDelegate.swift */ = {isa = PBXFileReference; lastKnownFileType = sourcecode.swift; path = AppDelegate.swift; sourceTree = "<group>"; };
		147C60261B5C256A001575C5 /* Assets.xcassets */ = {isa = PBXFileReference; lastKnownFileType = folder.assetcatalog; path = Assets.xcassets; sourceTree = "<group>"; };
		147C60291B5C256A001575C5 /* Base */ = {isa = PBXFileReference; lastKnownFileType = file.xib; name = Base; path = Base.lproj/MainMenu.xib; sourceTree = "<group>"; };
		147C602B1B5C256A001575C5 /* Info.plist */ = {isa = PBXFileReference; lastKnownFileType = text.plist.xml; path = Info.plist; sourceTree = "<group>"; };
		148DE8EC1B633C2C0029278C /* LoginItemHelper.swift */ = {isa = PBXFileReference; fileEncoding = 4; lastKnownFileType = sourcecode.swift; path = LoginItemHelper.swift; sourceTree = "<group>"; };
		1496B5A21B61410F006FE61D /* EmptyRowTableView.swift */ = {isa = PBXFileReference; fileEncoding = 4; lastKnownFileType = sourcecode.swift; path = EmptyRowTableView.swift; sourceTree = "<group>"; };
		14A1D2971B5C49F4003CDC6C /* HNBar-Bridging-Header.h */ = {isa = PBXFileReference; lastKnownFileType = sourcecode.c.h; path = "HNBar-Bridging-Header.h"; sourceTree = "<group>"; };
		14D516FB1B5FD51B0069E66E /* HackerNewsStoryCell.swift */ = {isa = PBXFileReference; fileEncoding = 4; lastKnownFileType = sourcecode.swift; path = HackerNewsStoryCell.swift; sourceTree = "<group>"; };
		14D516FD1B5FD5270069E66E /* HackerNewsStoryCell.xib */ = {isa = PBXFileReference; fileEncoding = 4; lastKnownFileType = file.xib; path = HackerNewsStoryCell.xib; sourceTree = "<group>"; };
		3C3EA7D829897A85E9827330 /* Pods.debug.xcconfig */ = {isa = PBXFileReference; includeInIndex = 1; lastKnownFileType = text.xcconfig; name = Pods.debug.xcconfig; path = "Pods/Target Support Files/Pods/Pods.debug.xcconfig"; sourceTree = "<group>"; };
		61AF103B1487952ADBEE2AB1 /* libPods.a */ = {isa = PBXFileReference; explicitFileType = archive.ar; includeInIndex = 0; path = libPods.a; sourceTree = BUILT_PRODUCTS_DIR; };
		A7BF9DFD2112506F63C0E98F /* Pods.release.xcconfig */ = {isa = PBXFileReference; includeInIndex = 1; lastKnownFileType = text.xcconfig; name = Pods.release.xcconfig; path = "Pods/Target Support Files/Pods/Pods.release.xcconfig"; sourceTree = "<group>"; };
/* End PBXFileReference section */

/* Begin PBXFrameworksBuildPhase section */
		147C601E1B5C256A001575C5 /* Frameworks */ = {
			isa = PBXFrameworksBuildPhase;
			buildActionMask = 2147483647;
			files = (
				7FE0C2D37F19D13C08910355 /* libPods.a in Frameworks */,
			);
			runOnlyForDeploymentPostprocessing = 0;
		};
/* End PBXFrameworksBuildPhase section */

/* Begin PBXGroup section */
		143DA6951B5ED7B5001734F7 /* Views */ = {
			isa = PBXGroup;
			children = (
				147C60281B5C256A001575C5 /* MainMenu.xib */,
				147A131E1B5DCF7200C51FEF /* ColorView.swift */,
				14D516FB1B5FD51B0069E66E /* HackerNewsStoryCell.swift */,
				14D516FD1B5FD5270069E66E /* HackerNewsStoryCell.xib */,
				1496B5A21B61410F006FE61D /* EmptyRowTableView.swift */,
			);
			name = Views;
			sourceTree = "<group>";
		};
		147A13071B5D8A7800C51FEF /* Models */ = {
			isa = PBXGroup;
			children = (
				147A13051B5D88BA00C51FEF /* Story.swift */,
			);
			name = Models;
			sourceTree = "<group>";
		};
		147A130A1B5D8A9500C51FEF /* Controllers */ = {
			isa = PBXGroup;
			children = (
				147A12FF1B5D6F5600C51FEF /* HackerNewsViewController.swift */,
				147A13111B5DA59C00C51FEF /* HackerNewsViewController.xib */,
			);
			name = Controllers;
			sourceTree = "<group>";
		};
		147A13101B5DA1EE00C51FEF /* Popover */ = {
			isa = PBXGroup;
			children = (
				147A130D1B5D979A00C51FEF /* PopoverController.swift */,
				147A12F91B5D695E00C51FEF /* PopoverContainerView.swift */,
				147A130B1B5D937000C51FEF /* PopoverWindow.swift */,
			);
			name = Popover;
			sourceTree = "<group>";
		};
		147C60181B5C256A001575C5 = {
			isa = PBXGroup;
			children = (
				147C60231B5C256A001575C5 /* HNBar */,
				147C60221B5C256A001575C5 /* Products */,
				65611722BBE19C617FBCA16E /* Pods */,
				C67BE658B55BE1CB7D63EF08 /* Frameworks */,
			);
			sourceTree = "<group>";
		};
		147C60221B5C256A001575C5 /* Products */ = {
			isa = PBXGroup;
			children = (
				147C60211B5C256A001575C5 /* HNBar.app */,
			);
			name = Products;
			sourceTree = "<group>";
		};
		147C60231B5C256A001575C5 /* HNBar */ = {
			isa = PBXGroup;
			children = (
				147A13071B5D8A7800C51FEF /* Models */,
				143DA6951B5ED7B5001734F7 /* Views */,
				147A130A1B5D8A9500C51FEF /* Controllers */,
				147A13101B5DA1EE00C51FEF /* Popover */,
				148DE8EE1B63D3390029278C /* Utils */,
				1496B5A11B613EF5006FE61D /* Supporting Files */,
			);
			path = HNBar;
			sourceTree = "<group>";
		};
		148DE8EE1B63D3390029278C /* Utils */ = {
			isa = PBXGroup;
			children = (
				148DE8EC1B633C2C0029278C /* LoginItemHelper.swift */,
			);
			name = Utils;
			sourceTree = "<group>";
		};
		1496B5A11B613EF5006FE61D /* Supporting Files */ = {
			isa = PBXGroup;
			children = (
				147C60261B5C256A001575C5 /* Assets.xcassets */,
				14A1D2971B5C49F4003CDC6C /* HNBar-Bridging-Header.h */,
				147C602B1B5C256A001575C5 /* Info.plist */,
				147C60241B5C256A001575C5 /* AppDelegate.swift */,
			);
			name = "Supporting Files";
			sourceTree = "<group>";
		};
		65611722BBE19C617FBCA16E /* Pods */ = {
			isa = PBXGroup;
			children = (
				3C3EA7D829897A85E9827330 /* Pods.debug.xcconfig */,
				A7BF9DFD2112506F63C0E98F /* Pods.release.xcconfig */,
			);
			name = Pods;
			sourceTree = "<group>";
		};
		C67BE658B55BE1CB7D63EF08 /* Frameworks */ = {
			isa = PBXGroup;
			children = (
				61AF103B1487952ADBEE2AB1 /* libPods.a */,
			);
			name = Frameworks;
			sourceTree = "<group>";
		};
/* End PBXGroup section */

/* Begin PBXNativeTarget section */
		147C60201B5C256A001575C5 /* HNBar */ = {
			isa = PBXNativeTarget;
			buildConfigurationList = 147C602E1B5C256A001575C5 /* Build configuration list for PBXNativeTarget "HNBar" */;
			buildPhases = (
				FEA985CBA265318FF51F40A0 /* Check Pods Manifest.lock */,
				147C601D1B5C256A001575C5 /* Sources */,
				147C601E1B5C256A001575C5 /* Frameworks */,
				147C601F1B5C256A001575C5 /* Resources */,
				75E532A4CCBABCFE7C19EF32 /* Copy Pods Resources */,
			);
			buildRules = (
			);
			dependencies = (
			);
			name = HNBar;
			productName = HNBar;
			productReference = 147C60211B5C256A001575C5 /* HNBar.app */;
			productType = "com.apple.product-type.application";
		};
/* End PBXNativeTarget section */

/* Begin PBXProject section */
		147C60191B5C256A001575C5 /* Project object */ = {
			isa = PBXProject;
			attributes = {
				LastSwiftUpdateCheck = 0700;
				LastUpgradeCheck = 0700;
				ORGANIZATIONNAME = "James Hurst";
				TargetAttributes = {
					147C60201B5C256A001575C5 = {
						CreatedOnToolsVersion = 7.0;
					};
				};
			};
			buildConfigurationList = 147C601C1B5C256A001575C5 /* Build configuration list for PBXProject "HNBar" */;
			compatibilityVersion = "Xcode 3.2";
			developmentRegion = English;
			hasScannedForEncodings = 0;
			knownRegions = (
				en,
				Base,
			);
			mainGroup = 147C60181B5C256A001575C5;
			productRefGroup = 147C60221B5C256A001575C5 /* Products */;
			projectDirPath = "";
			projectRoot = "";
			targets = (
				147C60201B5C256A001575C5 /* HNBar */,
			);
		};
/* End PBXProject section */

/* Begin PBXResourcesBuildPhase section */
		147C601F1B5C256A001575C5 /* Resources */ = {
			isa = PBXResourcesBuildPhase;
			buildActionMask = 2147483647;
			files = (
				14D516FE1B5FD5270069E66E /* HackerNewsStoryCell.xib in Resources */,
				147C60271B5C256A001575C5 /* Assets.xcassets in Resources */,
				147C602A1B5C256A001575C5 /* MainMenu.xib in Resources */,
				147A13121B5DA59C00C51FEF /* HackerNewsViewController.xib in Resources */,
			);
			runOnlyForDeploymentPostprocessing = 0;
		};
/* End PBXResourcesBuildPhase section */

/* Begin PBXShellScriptBuildPhase section */
		75E532A4CCBABCFE7C19EF32 /* Copy Pods Resources */ = {
			isa = PBXShellScriptBuildPhase;
			buildActionMask = 2147483647;
			files = (
			);
			inputPaths = (
			);
			name = "Copy Pods Resources";
			outputPaths = (
			);
			runOnlyForDeploymentPostprocessing = 0;
			shellPath = /bin/sh;
			shellScript = "\"${SRCROOT}/Pods/Target Support Files/Pods/Pods-resources.sh\"\n";
			showEnvVarsInLog = 0;
		};
		FEA985CBA265318FF51F40A0 /* Check Pods Manifest.lock */ = {
			isa = PBXShellScriptBuildPhase;
			buildActionMask = 2147483647;
			files = (
			);
			inputPaths = (
			);
			name = "Check Pods Manifest.lock";
			outputPaths = (
			);
			runOnlyForDeploymentPostprocessing = 0;
			shellPath = /bin/sh;
			shellScript = "diff \"${PODS_ROOT}/../Podfile.lock\" \"${PODS_ROOT}/Manifest.lock\" > /dev/null\nif [[ $? != 0 ]] ; then\n    cat << EOM\nerror: The sandbox is not in sync with the Podfile.lock. Run 'pod install' or update your CocoaPods installation.\nEOM\n    exit 1\nfi\n";
			showEnvVarsInLog = 0;
		};
/* End PBXShellScriptBuildPhase section */

/* Begin PBXSourcesBuildPhase section */
		147C601D1B5C256A001575C5 /* Sources */ = {
			isa = PBXSourcesBuildPhase;
			buildActionMask = 2147483647;
			files = (
				148DE8ED1B633C2C0029278C /* LoginItemHelper.swift in Sources */,
				14D516FC1B5FD51B0069E66E /* HackerNewsStoryCell.swift in Sources */,
				147A131F1B5DCF7200C51FEF /* ColorView.swift in Sources */,
				147A12FA1B5D695E00C51FEF /* PopoverContainerView.swift in Sources */,
				1496B5A31B61410F006FE61D /* EmptyRowTableView.swift in Sources */,
				147A13011B5D6F5600C51FEF /* HackerNewsViewController.swift in Sources */,
				147A130E1B5D979A00C51FEF /* PopoverController.swift in Sources */,
				147C60251B5C256A001575C5 /* AppDelegate.swift in Sources */,
				147A130C1B5D937000C51FEF /* PopoverWindow.swift in Sources */,
				147A13061B5D88BA00C51FEF /* Story.swift in Sources */,
			);
			runOnlyForDeploymentPostprocessing = 0;
		};
/* End PBXSourcesBuildPhase section */

/* Begin PBXVariantGroup section */
		147C60281B5C256A001575C5 /* MainMenu.xib */ = {
			isa = PBXVariantGroup;
			children = (
				147C60291B5C256A001575C5 /* Base */,
			);
			name = MainMenu.xib;
			sourceTree = "<group>";
		};
/* End PBXVariantGroup section */

/* Begin XCBuildConfiguration section */
		147C602C1B5C256A001575C5 /* Debug */ = {
			isa = XCBuildConfiguration;
			buildSettings = {
				ALWAYS_SEARCH_USER_PATHS = NO;
				CLANG_CXX_LANGUAGE_STANDARD = "gnu++0x";
				CLANG_CXX_LIBRARY = "libc++";
				CLANG_ENABLE_MODULES = YES;
				CLANG_ENABLE_OBJC_ARC = YES;
				CLANG_WARN_BOOL_CONVERSION = YES;
				CLANG_WARN_CONSTANT_CONVERSION = YES;
				CLANG_WARN_DIRECT_OBJC_ISA_USAGE = YES_ERROR;
				CLANG_WARN_EMPTY_BODY = YES;
				CLANG_WARN_ENUM_CONVERSION = YES;
				CLANG_WARN_INT_CONVERSION = YES;
				CLANG_WARN_OBJC_ROOT_CLASS = YES_ERROR;
				CLANG_WARN_UNREACHABLE_CODE = YES;
				CLANG_WARN__DUPLICATE_METHOD_MATCH = YES;
				CODE_SIGN_IDENTITY = "-";
				COPY_PHASE_STRIP = NO;
				DEBUG_INFORMATION_FORMAT = dwarf;
				ENABLE_STRICT_OBJC_MSGSEND = YES;
				ENABLE_TESTABILITY = YES;
				GCC_C_LANGUAGE_STANDARD = gnu99;
				GCC_DYNAMIC_NO_PIC = NO;
				GCC_NO_COMMON_BLOCKS = YES;
				GCC_OPTIMIZATION_LEVEL = 0;
				GCC_PREPROCESSOR_DEFINITIONS = (
					"DEBUG=1",
					"$(inherited)",
				);
				GCC_WARN_64_TO_32_BIT_CONVERSION = YES;
				GCC_WARN_ABOUT_RETURN_TYPE = YES_ERROR;
				GCC_WARN_UNDECLARED_SELECTOR = YES;
				GCC_WARN_UNINITIALIZED_AUTOS = YES_AGGRESSIVE;
				GCC_WARN_UNUSED_FUNCTION = YES;
				GCC_WARN_UNUSED_VARIABLE = YES;
				MACOSX_DEPLOYMENT_TARGET = 10.10;
				MTL_ENABLE_DEBUG_INFO = YES;
				ONLY_ACTIVE_ARCH = YES;
				SDKROOT = macosx;
				SWIFT_OPTIMIZATION_LEVEL = "-Onone";
			};
			name = Debug;
		};
		147C602D1B5C256A001575C5 /* Release */ = {
			isa = XCBuildConfiguration;
			buildSettings = {
				ALWAYS_SEARCH_USER_PATHS = NO;
				CLANG_CXX_LANGUAGE_STANDARD = "gnu++0x";
				CLANG_CXX_LIBRARY = "libc++";
				CLANG_ENABLE_MODULES = YES;
				CLANG_ENABLE_OBJC_ARC = YES;
				CLANG_WARN_BOOL_CONVERSION = YES;
				CLANG_WARN_CONSTANT_CONVERSION = YES;
				CLANG_WARN_DIRECT_OBJC_ISA_USAGE = YES_ERROR;
				CLANG_WARN_EMPTY_BODY = YES;
				CLANG_WARN_ENUM_CONVERSION = YES;
				CLANG_WARN_INT_CONVERSION = YES;
				CLANG_WARN_OBJC_ROOT_CLASS = YES_ERROR;
				CLANG_WARN_UNREACHABLE_CODE = YES;
				CLANG_WARN__DUPLICATE_METHOD_MATCH = YES;
				CODE_SIGN_IDENTITY = "-";
				COPY_PHASE_STRIP = NO;
				DEBUG_INFORMATION_FORMAT = "dwarf-with-dsym";
				ENABLE_NS_ASSERTIONS = NO;
				ENABLE_STRICT_OBJC_MSGSEND = YES;
				GCC_C_LANGUAGE_STANDARD = gnu99;
				GCC_NO_COMMON_BLOCKS = YES;
				GCC_WARN_64_TO_32_BIT_CONVERSION = YES;
				GCC_WARN_ABOUT_RETURN_TYPE = YES_ERROR;
				GCC_WARN_UNDECLARED_SELECTOR = YES;
				GCC_WARN_UNINITIALIZED_AUTOS = YES_AGGRESSIVE;
				GCC_WARN_UNUSED_FUNCTION = YES;
				GCC_WARN_UNUSED_VARIABLE = YES;
				MACOSX_DEPLOYMENT_TARGET = 10.10;
				MTL_ENABLE_DEBUG_INFO = NO;
				SDKROOT = macosx;
			};
			name = Release;
		};
		147C602F1B5C256A001575C5 /* Debug */ = {
			isa = XCBuildConfiguration;
			baseConfigurationReference = 3C3EA7D829897A85E9827330 /* Pods.debug.xcconfig */;
			buildSettings = {
				ASSETCATALOG_COMPILER_APPICON_NAME = AppIcon;
				CLANG_ENABLE_MODULES = YES;
				COMBINE_HIDPI_IMAGES = YES;
				INFOPLIST_FILE = HNBar/Info.plist;
				LD_RUNPATH_SEARCH_PATHS = "$(inherited) @executable_path/../Frameworks";
				PRODUCT_BUNDLE_IDENTIFIER = me.jameshurst.HNBar;
				PRODUCT_NAME = "$(TARGET_NAME)";
				SWIFT_OBJC_BRIDGING_HEADER = "HNBar/HNBar-Bridging-Header.h";
				SWIFT_OPTIMIZATION_LEVEL = "-Onone";
			};
			name = Debug;
		};
		147C60301B5C256A001575C5 /* Release */ = {
			isa = XCBuildConfiguration;
			baseConfigurationReference = A7BF9DFD2112506F63C0E98F /* Pods.release.xcconfig */;
			buildSettings = {
				ASSETCATALOG_COMPILER_APPICON_NAME = AppIcon;
				CLANG_ENABLE_MODULES = YES;
				COMBINE_HIDPI_IMAGES = YES;
				INFOPLIST_FILE = HNBar/Info.plist;
				LD_RUNPATH_SEARCH_PATHS = "$(inherited) @executable_path/../Frameworks";
				PRODUCT_BUNDLE_IDENTIFIER = me.jameshurst.HNBar;
				PRODUCT_NAME = "$(TARGET_NAME)";
				SWIFT_OBJC_BRIDGING_HEADER = "HNBar/HNBar-Bridging-Header.h";
			};
			name = Release;
		};
/* End XCBuildConfiguration section */

/* Begin XCConfigurationList section */
		147C601C1B5C256A001575C5 /* Build configuration list for PBXProject "HNBar" */ = {
			isa = XCConfigurationList;
			buildConfigurations = (
				147C602C1B5C256A001575C5 /* Debug */,
				147C602D1B5C256A001575C5 /* Release */,
			);
			defaultConfigurationIsVisible = 0;
			defaultConfigurationName = Release;
		};
		147C602E1B5C256A001575C5 /* Build configuration list for PBXNativeTarget "HNBar" */ = {
			isa = XCConfigurationList;
			buildConfigurations = (
				147C602F1B5C256A001575C5 /* Debug */,
				147C60301B5C256A001575C5 /* Release */,
			);
			defaultConfigurationIsVisible = 0;
			defaultConfigurationName = Release;
		};
/* End XCConfigurationList section */
	};
	rootObject = 147C60191B5C256A001575C5 /* Project object */;
}
